
Microsoft Visual Studio Solution File, Format Version 12.00
# Visual Studio for Mac
Project("{FAE04EC0-301F-11D3-BF4B-00C04F79EFBC}") = "LWA Demo", "Assembly-CSharp.csproj", "{5D358E7C-897A-8FD2-DC1B-B8998C798BDE}"
EndProject
Project("{FAE04EC0-301F-11D3-BF4B-00C04F79EFBC}") = "LWA Demo", "Assembly-CSharp-Editor.csproj", "{B0823047-3076-F1DD-2F10-A94ADBADF95C}"
EndProject
Global
	GlobalSection(SolutionConfigurationPlatforms) = preSolution
		Debug|Any CPU = Debug|Any CPU
		Release|Any CPU = Release|Any CPU
	EndGlobalSection
	GlobalSection(ProjectConfigurationPlatforms) = postSolution
		{5D358E7C-897A-8FD2-DC1B-B8998C798BDE}.Debug|Any CPU.ActiveCfg = Debug|Any CPU
		{5D358E7C-897A-8FD2-DC1B-B8998C798BDE}.Debug|Any CPU.Build.0 = Debug|Any CPU
		{5D358E7C-897A-8FD2-DC1B-B8998C798BDE}.Release|Any CPU.ActiveCfg = Release|Any CPU
		{5D358E7C-897A-8FD2-DC1B-B8998C798BDE}.Release|Any CPU.Build.0 = Release|Any CPU
		{B0823047-3076-F1DD-2F10-A94ADBADF95C}.Debug|Any CPU.ActiveCfg = Debug|Any CPU
		{B0823047-3076-F1DD-2F10-A94ADBADF95C}.Debug|Any CPU.Build.0 = Debug|Any CPU
		{B0823047-3076-F1DD-2F10-A94ADBADF95C}.Release|Any CPU.ActiveCfg = Release|Any CPU
		{B0823047-3076-F1DD-2F10-A94ADBADF95C}.Release|Any CPU.Build.0 = Release|Any CPU
	EndGlobalSection
	GlobalSection(SolutionProperties) = preSolution
		HideSolutionNode = FALSE
	EndGlobalSection
EndGlobal
